
Microsoft Visual Studio Solution File, Format Version 12.00
# Visual Studio Version 16
VisualStudioVersion = 16.0.31005.135
MinimumVisualStudioVersion = 10.0.40219.1
Project("{FAE04EC0-301F-11D3-BF4B-00C04F79EFBC}") = "sprint-2-test-first-berivera1", "sprint-2-test-first-berivera1\sprint-2-test-first-berivera1.csproj", "{0C782ADA-DC67-4229-99C1-5405DE26632F}"
EndProject
Project("{FAE04EC0-301F-11D3-BF4B-00C04F79EFBC}") = "sprint-2-tests", "sprint-2-tests\sprint-2-tests.csproj", "{EE9B1055-5619-40DD-8F2B-7FDB43F631C7}"
EndProject
Global
	GlobalSection(SolutionConfigurationPlatforms) = preSolution
		Debug|Any CPU = Debug|Any CPU
		Release|Any CPU = Release|Any CPU
	EndGlobalSection
	GlobalSection(ProjectConfigurationPlatforms) = postSolution
		{0C782ADA-DC67-4229-99C1-5405DE26632F}.Debug|Any CPU.ActiveCfg = Debug|Any CPU
		{0C782ADA-DC67-4229-99C1-5405DE26632F}.Debug|Any CPU.Build.0 = Debug|Any CPU
		{0C782ADA-DC67-4229-99C1-5405DE26632F}.Release|Any CPU.ActiveCfg = Release|Any CPU
		{0C782ADA-DC67-4229-99C1-5405DE26632F}.Release|Any CPU.Build.0 = Release|Any CPU
		{EE9B1055-5619-40DD-8F2B-7FDB43F631C7}.Debug|Any CPU.ActiveCfg = Debug|Any CPU
		{EE9B1055-5619-40DD-8F2B-7FDB43F631C7}.Debug|Any CPU.Build.0 = Debug|Any CPU
		{EE9B1055-5619-40DD-8F2B-7FDB43F631C7}.Release|Any CPU.ActiveCfg = Release|Any CPU
		{EE9B1055-5619-40DD-8F2B-7FDB43F631C7}.Release|Any CPU.Build.0 = Release|Any CPU
	EndGlobalSection
	GlobalSection(SolutionProperties) = preSolution
		HideSolutionNode = FALSE
	EndGlobalSection
	GlobalSection(ExtensibilityGlobals) = postSolution
		SolutionGuid = {C7F62FA5-1B01-4A30-8F76-86E7126EFD91}
	EndGlobalSection
EndGlobal
